Microsoft Visual Studio Solution File, Format Version 11.00
# Visual Studio 2008

Project("{75FD8291-5A86-018E-A56A-361639DF8847}") = "Proyecto_Carros", "Assembly-CSharp.csproj", "{B20C9C4C-430D-44E5-3184-468B6057F85F}"
EndProject
Global
	GlobalSection(SolutionConfigurationPlatforms) = preSolution
		Debug|Any CPU = Debug|Any CPU
		Release|Any CPU = Release|Any CPU
	EndGlobalSection
	GlobalSection(ProjectConfigurationPlatforms) = postSolution
		{B20C9C4C-430D-44E5-3184-468B6057F85F}.Debug|Any CPU.ActiveCfg = Debug|Any CPU
		{B20C9C4C-430D-44E5-3184-468B6057F85F}.Debug|Any CPU.Build.0 = Debug|Any CPU
		{B20C9C4C-430D-44E5-3184-468B6057F85F}.Release|Any CPU.ActiveCfg = Release|Any CPU
		{B20C9C4C-430D-44E5-3184-468B6057F85F}.Release|Any CPU.Build.0 = Release|Any CPU
	EndGlobalSection
	GlobalSection(SolutionProperties) = preSolution
		HideSolutionNode = FALSE
	EndGlobalSection
	GlobalSection(MonoDevelopProperties) = preSolution
		StartupItem = Assembly-CSharp.csproj
	EndGlobalSection
EndGlobal
